
Microsoft Visual Studio Solution File, Format Version 12.00
# Visual Studio Version 17
VisualStudioVersion = 17.8.34316.72
MinimumVisualStudioVersion = 10.0.40219.1
Project("{9A19103F-16F7-4668-BE54-9A1E7A4F7556}") = "AmazingFeatures", "AmazingFeatures\AmazingFeatures.csproj", "{0DCD0F56-66D9-4721-A759-ACFA332B6FD3}"
EndProject
Project("{2150E333-8FDC-42A3-9474-1A3956D46DE8}") = "Core", "Core", "{710E03E9-7AE7-4739-B4B4-4B73119D65E3}"
EndProject
Project("{9A19103F-16F7-4668-BE54-9A1E7A4F7556}") = "Domain", "Domain\Domain.csproj", "{94701B1D-5935-4722-B58F-3EEDE6A35BD7}"
EndProject
Project("{FAE04EC0-301F-11D3-BF4B-00C04F79EFBC}") = "Application", "Application\Application.csproj", "{D26EE0F8-4101-4D6A-89B0-BC0007B68459}"
EndProject
Global
	GlobalSection(SolutionConfigurationPlatforms) = preSolution
		Debug|Any CPU = Debug|Any CPU
		Release|Any CPU = Release|Any CPU
	EndGlobalSection
	GlobalSection(ProjectConfigurationPlatforms) = postSolution
		{0DCD0F56-66D9-4721-A759-ACFA332B6FD3}.Debug|Any CPU.ActiveCfg = Debug|Any CPU
		{0DCD0F56-66D9-4721-A759-ACFA332B6FD3}.Debug|Any CPU.Build.0 = Debug|Any CPU
		{0DCD0F56-66D9-4721-A759-ACFA332B6FD3}.Release|Any CPU.ActiveCfg = Release|Any CPU
		{0DCD0F56-66D9-4721-A759-ACFA332B6FD3}.Release|Any CPU.Build.0 = Release|Any CPU
		{94701B1D-5935-4722-B58F-3EEDE6A35BD7}.Debug|Any CPU.ActiveCfg = Debug|Any CPU
		{94701B1D-5935-4722-B58F-3EEDE6A35BD7}.Debug|Any CPU.Build.0 = Debug|Any CPU
		{94701B1D-5935-4722-B58F-3EEDE6A35BD7}.Release|Any CPU.ActiveCfg = Release|Any CPU
		{94701B1D-5935-4722-B58F-3EEDE6A35BD7}.Release|Any CPU.Build.0 = Release|Any CPU
		{D26EE0F8-4101-4D6A-89B0-BC0007B68459}.Debug|Any CPU.ActiveCfg = Debug|Any CPU
		{D26EE0F8-4101-4D6A-89B0-BC0007B68459}.Debug|Any CPU.Build.0 = Debug|Any CPU
		{D26EE0F8-4101-4D6A-89B0-BC0007B68459}.Release|Any CPU.ActiveCfg = Release|Any CPU
		{D26EE0F8-4101-4D6A-89B0-BC0007B68459}.Release|Any CPU.Build.0 = Release|Any CPU
	EndGlobalSection
	GlobalSection(SolutionProperties) = preSolution
		HideSolutionNode = FALSE
	EndGlobalSection
	GlobalSection(NestedProjects) = preSolution
		{94701B1D-5935-4722-B58F-3EEDE6A35BD7} = {710E03E9-7AE7-4739-B4B4-4B73119D65E3}
		{D26EE0F8-4101-4D6A-89B0-BC0007B68459} = {710E03E9-7AE7-4739-B4B4-4B73119D65E3}
	EndGlobalSection
	GlobalSection(ExtensibilityGlobals) = postSolution
		SolutionGuid = {2FD4593A-7468-4822-921C-DDA7B6ED24F9}
	EndGlobalSection
EndGlobal
